
Microsoft Visual Studio Solution File, Format Version 12.00
# Visual Studio Version 16
VisualStudioVersion = 16.0.32929.386
MinimumVisualStudioVersion = 10.0.40219.1
Project("{FAE04EC0-301F-11D3-BF4B-00C04F79EFBC}") = "01-01-LINQ-to_objects", "01-01-LINQ-to_objects\01-01-LINQ-to_objects.csproj", "{739A3BFE-9A42-45DF-8C7C-83098AC11719}"
EndProject
Project("{FAE04EC0-301F-11D3-BF4B-00C04F79EFBC}") = "01-02-Modos_diferido_e_inmediato", "01-02-Modos_diferido_e_inmediato\01-02-Modos_diferido_e_inmediato.csproj", "{00036EE2-3321-44E1-B495-162345F45284}"
EndProject
Project("{FAE04EC0-301F-11D3-BF4B-00C04F79EFBC}") = "01-03-Query_desde_metodos", "01-03-Query_desde_metodos\01-03-Query_desde_metodos.csproj", "{0342FB3F-0BB6-42E4-A705-32C876D80433}"
EndProject
Project("{FAE04EC0-301F-11D3-BF4B-00C04F79EFBC}") = "01-04-Query_desde_clases", "01-04-Query_desde_clases\01-04-Query_desde_clases.csproj", "{97F084EE-C3E3-4F50-B98C-4A61B445B0CB}"
EndProject
Project("{FAE04EC0-301F-11D3-BF4B-00C04F79EFBC}") = "01-05-ArrayList", "01-05-ArrayList\01-05-ArrayList.csproj", "{83D85D32-70E1-4170-97AF-A19232E4246B}"
EndProject
Project("{FAE04EC0-301F-11D3-BF4B-00C04F79EFBC}") = "01-06-Operaciones_basicas", "01-06-Operaciones_basicas\01-06-Operaciones_basicas.csproj", "{C8CB2633-8146-4BF9-8712-18B5CB8FD520}"
EndProject
Project("{FAE04EC0-301F-11D3-BF4B-00C04F79EFBC}") = "01-07-Operaciones_relacionadas_con_conjuntos", "01-07-Operaciones_relacionadas_con_conjuntos\01-07-Operaciones_relacionadas_con_conjuntos.csproj", "{2CDDFD7C-A1A6-41DC-AD2D-1353F357348E}"
EndProject
Project("{FAE04EC0-301F-11D3-BF4B-00C04F79EFBC}") = "01-08-Sintaxis_fluida", "01-08-Sintaxis_fluida\01-08-Sintaxis_fluida.csproj", "{7A346B00-FC02-4605-BF91-2393DC3749CE}"
EndProject
Project("{FAE04EC0-301F-11D3-BF4B-00C04F79EFBC}") = "01-09-Subquery", "01-09-Subquery\01-09-Subquery.csproj", "{4D728BF5-2263-4052-8777-8C1BE3A72C36}"
EndProject
Project("{FAE04EC0-301F-11D3-BF4B-00C04F79EFBC}") = "01-10-Query_progresivo", "01-10-Query_progresivo\01-10-Query_progresivo.csproj", "{31317BA1-409F-4CA5-B421-C3FFC167198E}"
EndProject
Project("{FAE04EC0-301F-11D3-BF4B-00C04F79EFBC}") = "01-11-Operadores", "01-11-Operadores\01-11-Operadores.csproj", "{75069575-0127-4F4C-8BB8-D55B41E456F7}"
EndProject
Project("{FAE04EC0-301F-11D3-BF4B-00C04F79EFBC}") = "01-12-Operadores_por_categoria", "01-12-Operadores_por_categoria\01-12-Operadores_por_categoria.csproj", "{5F22FCDA-91C0-47C4-955B-2F683B4ECF35}"
EndProject
Project("{FAE04EC0-301F-11D3-BF4B-00C04F79EFBC}") = "02-01-LINQ-to_XML", "02-01-LINQ-to_XML\02-01-LINQ-to_XML.csproj", "{BE9D2769-3EE7-4811-A8A4-99F489A5BA05}"
EndProject
Project("{FAE04EC0-301F-11D3-BF4B-00C04F79EFBC}") = "02-02-XDocument", "02-02-XDocument\02-02-XDocument.csproj", "{70994962-19D7-4560-97BE-0665316C9D06}"
EndProject
Project("{FAE04EC0-301F-11D3-BF4B-00C04F79EFBC}") = "02-03-Arreglos_a_XML", "02-03-Arreglos_a_XML\02-03-Arreglos_a_XML.csproj", "{8EAD5978-4605-4811-85EB-22BDB9D74D82}"
EndProject
Project("{FAE04EC0-301F-11D3-BF4B-00C04F79EFBC}") = "02-04-Elementos_XML-I", "02-04-Elementos_XML-I\02-04-Elementos_XML-I.csproj", "{833E37C2-8EF1-4BF5-843A-C9C2F2C4A93B}"
EndProject
Project("{FAE04EC0-301F-11D3-BF4B-00C04F79EFBC}") = "02-05-Elementos_XML-II", "02-05-Elementos_XML-II\02-05-Elementos_XML-II.csproj", "{3A965BF3-ABC6-4369-9BF4-31C67E48212F}"
EndProject
Project("{FAE04EC0-301F-11D3-BF4B-00C04F79EFBC}") = "02-06-Elementos_XML-III", "02-06-Elementos_XML-III\02-06-Elementos_XML-III.csproj", "{4012D11B-5ACA-4608-A227-4C137D6D3489}"
EndProject
Project("{FAE04EC0-301F-11D3-BF4B-00C04F79EFBC}") = "02-07-LINQ_en_WindowsForms", "02-07-LINQ_en_WindowsForms\02-07-LINQ_en_WindowsForms.csproj", "{3813E924-904A-47E7-9F1A-14C19D96FC80}"
EndProject
Global
	GlobalSection(SolutionConfigurationPlatforms) = preSolution
		Debug|Any CPU = Debug|Any CPU
		Release|Any CPU = Release|Any CPU
	EndGlobalSection
	GlobalSection(ProjectConfigurationPlatforms) = postSolution
		{739A3BFE-9A42-45DF-8C7C-83098AC11719}.Debug|Any CPU.ActiveCfg = Debug|Any CPU
		{739A3BFE-9A42-45DF-8C7C-83098AC11719}.Debug|Any CPU.Build.0 = Debug|Any CPU
		{739A3BFE-9A42-45DF-8C7C-83098AC11719}.Release|Any CPU.ActiveCfg = Release|Any CPU
		{739A3BFE-9A42-45DF-8C7C-83098AC11719}.Release|Any CPU.Build.0 = Release|Any CPU
		{00036EE2-3321-44E1-B495-162345F45284}.Debug|Any CPU.ActiveCfg = Debug|Any CPU
		{00036EE2-3321-44E1-B495-162345F45284}.Debug|Any CPU.Build.0 = Debug|Any CPU
		{00036EE2-3321-44E1-B495-162345F45284}.Release|Any CPU.ActiveCfg = Release|Any CPU
		{00036EE2-3321-44E1-B495-162345F45284}.Release|Any CPU.Build.0 = Release|Any CPU
		{0342FB3F-0BB6-42E4-A705-32C876D80433}.Debug|Any CPU.ActiveCfg = Debug|Any CPU
		{0342FB3F-0BB6-42E4-A705-32C876D80433}.Debug|Any CPU.Build.0 = Debug|Any CPU
		{0342FB3F-0BB6-42E4-A705-32C876D80433}.Release|Any CPU.ActiveCfg = Release|Any CPU
		{0342FB3F-0BB6-42E4-A705-32C876D80433}.Release|Any CPU.Build.0 = Release|Any CPU
		{97F084EE-C3E3-4F50-B98C-4A61B445B0CB}.Debug|Any CPU.ActiveCfg = Debug|Any CPU
		{97F084EE-C3E3-4F50-B98C-4A61B445B0CB}.Debug|Any CPU.Build.0 = Debug|Any CPU
		{97F084EE-C3E3-4F50-B98C-4A61B445B0CB}.Release|Any CPU.ActiveCfg = Release|Any CPU
		{97F084EE-C3E3-4F50-B98C-4A61B445B0CB}.Release|Any CPU.Build.0 = Release|Any CPU
		{83D85D32-70E1-4170-97AF-A19232E4246B}.Debug|Any CPU.ActiveCfg = Debug|Any CPU
		{83D85D32-70E1-4170-97AF-A19232E4246B}.Debug|Any CPU.Build.0 = Debug|Any CPU
		{83D85D32-70E1-4170-97AF-A19232E4246B}.Release|Any CPU.ActiveCfg = Release|Any CPU
		{83D85D32-70E1-4170-97AF-A19232E4246B}.Release|Any CPU.Build.0 = Release|Any CPU
		{C8CB2633-8146-4BF9-8712-18B5CB8FD520}.Debug|Any CPU.ActiveCfg = Debug|Any CPU
		{C8CB2633-8146-4BF9-8712-18B5CB8FD520}.Debug|Any CPU.Build.0 = Debug|Any CPU
		{C8CB2633-8146-4BF9-8712-18B5CB8FD520}.Release|Any CPU.ActiveCfg = Release|Any CPU
		{C8CB2633-8146-4BF9-8712-18B5CB8FD520}.Release|Any CPU.Build.0 = Release|Any CPU
		{2CDDFD7C-A1A6-41DC-AD2D-1353F357348E}.Debug|Any CPU.ActiveCfg = Debug|Any CPU
		{2CDDFD7C-A1A6-41DC-AD2D-1353F357348E}.Debug|Any CPU.Build.0 = Debug|Any CPU
		{2CDDFD7C-A1A6-41DC-AD2D-1353F357348E}.Release|Any CPU.ActiveCfg = Release|Any CPU
		{2CDDFD7C-A1A6-41DC-AD2D-1353F357348E}.Release|Any CPU.Build.0 = Release|Any CPU
		{7A346B00-FC02-4605-BF91-2393DC3749CE}.Debug|Any CPU.ActiveCfg = Debug|Any CPU
		{7A346B00-FC02-4605-BF91-2393DC3749CE}.Debug|Any CPU.Build.0 = Debug|Any CPU
		{7A346B00-FC02-4605-BF91-2393DC3749CE}.Release|Any CPU.ActiveCfg = Release|Any CPU
		{7A346B00-FC02-4605-BF91-2393DC3749CE}.Release|Any CPU.Build.0 = Release|Any CPU
		{4D728BF5-2263-4052-8777-8C1BE3A72C36}.Debug|Any CPU.ActiveCfg = Debug|Any CPU
		{4D728BF5-2263-4052-8777-8C1BE3A72C36}.Debug|Any CPU.Build.0 = Debug|Any CPU
		{4D728BF5-2263-4052-8777-8C1BE3A72C36}.Release|Any CPU.ActiveCfg = Release|Any CPU
		{4D728BF5-2263-4052-8777-8C1BE3A72C36}.Release|Any CPU.Build.0 = Release|Any CPU
		{31317BA1-409F-4CA5-B421-C3FFC167198E}.Debug|Any CPU.ActiveCfg = Debug|Any CPU
		{31317BA1-409F-4CA5-B421-C3FFC167198E}.Debug|Any CPU.Build.0 = Debug|Any CPU
		{31317BA1-409F-4CA5-B421-C3FFC167198E}.Release|Any CPU.ActiveCfg = Release|Any CPU
		{31317BA1-409F-4CA5-B421-C3FFC167198E}.Release|Any CPU.Build.0 = Release|Any CPU
		{75069575-0127-4F4C-8BB8-D55B41E456F7}.Debug|Any CPU.ActiveCfg = Debug|Any CPU
		{75069575-0127-4F4C-8BB8-D55B41E456F7}.Debug|Any CPU.Build.0 = Debug|Any CPU
		{75069575-0127-4F4C-8BB8-D55B41E456F7}.Release|Any CPU.ActiveCfg = Release|Any CPU
		{75069575-0127-4F4C-8BB8-D55B41E456F7}.Release|Any CPU.Build.0 = Release|Any CPU
		{5F22FCDA-91C0-47C4-955B-2F683B4ECF35}.Debug|Any CPU.ActiveCfg = Debug|Any CPU
		{5F22FCDA-91C0-47C4-955B-2F683B4ECF35}.Debug|Any CPU.Build.0 = Debug|Any CPU
		{5F22FCDA-91C0-47C4-955B-2F683B4ECF35}.Release|Any CPU.ActiveCfg = Release|Any CPU
		{5F22FCDA-91C0-47C4-955B-2F683B4ECF35}.Release|Any CPU.Build.0 = Release|Any CPU
		{BE9D2769-3EE7-4811-A8A4-99F489A5BA05}.Debug|Any CPU.ActiveCfg = Debug|Any CPU
		{BE9D2769-3EE7-4811-A8A4-99F489A5BA05}.Debug|Any CPU.Build.0 = Debug|Any CPU
		{BE9D2769-3EE7-4811-A8A4-99F489A5BA05}.Release|Any CPU.ActiveCfg = Release|Any CPU
		{BE9D2769-3EE7-4811-A8A4-99F489A5BA05}.Release|Any CPU.Build.0 = Release|Any CPU
		{70994962-19D7-4560-97BE-0665316C9D06}.Debug|Any CPU.ActiveCfg = Debug|Any CPU
		{70994962-19D7-4560-97BE-0665316C9D06}.Debug|Any CPU.Build.0 = Debug|Any CPU
		{70994962-19D7-4560-97BE-0665316C9D06}.Release|Any CPU.ActiveCfg = Release|Any CPU
		{70994962-19D7-4560-97BE-0665316C9D06}.Release|Any CPU.Build.0 = Release|Any CPU
		{8EAD5978-4605-4811-85EB-22BDB9D74D82}.Debug|Any CPU.ActiveCfg = Debug|Any CPU
		{8EAD5978-4605-4811-85EB-22BDB9D74D82}.Debug|Any CPU.Build.0 = Debug|Any CPU
		{8EAD5978-4605-4811-85EB-22BDB9D74D82}.Release|Any CPU.ActiveCfg = Release|Any CPU
		{8EAD5978-4605-4811-85EB-22BDB9D74D82}.Release|Any CPU.Build.0 = Release|Any CPU
		{833E37C2-8EF1-4BF5-843A-C9C2F2C4A93B}.Debug|Any CPU.ActiveCfg = Debug|Any CPU
		{833E37C2-8EF1-4BF5-843A-C9C2F2C4A93B}.Debug|Any CPU.Build.0 = Debug|Any CPU
		{833E37C2-8EF1-4BF5-843A-C9C2F2C4A93B}.Release|Any CPU.ActiveCfg = Release|Any CPU
		{833E37C2-8EF1-4BF5-843A-C9C2F2C4A93B}.Release|Any CPU.Build.0 = Release|Any CPU
		{3A965BF3-ABC6-4369-9BF4-31C67E48212F}.Debug|Any CPU.ActiveCfg = Debug|Any CPU
		{3A965BF3-ABC6-4369-9BF4-31C67E48212F}.Debug|Any CPU.Build.0 = Debug|Any CPU
		{3A965BF3-ABC6-4369-9BF4-31C67E48212F}.Release|Any CPU.ActiveCfg = Release|Any CPU
		{3A965BF3-ABC6-4369-9BF4-31C67E48212F}.Release|Any CPU.Build.0 = Release|Any CPU
		{4012D11B-5ACA-4608-A227-4C137D6D3489}.Debug|Any CPU.ActiveCfg = Debug|Any CPU
		{4012D11B-5ACA-4608-A227-4C137D6D3489}.Debug|Any CPU.Build.0 = Debug|Any CPU
		{4012D11B-5ACA-4608-A227-4C137D6D3489}.Release|Any CPU.ActiveCfg = Release|Any CPU
		{4012D11B-5ACA-4608-A227-4C137D6D3489}.Release|Any CPU.Build.0 = Release|Any CPU
		{3813E924-904A-47E7-9F1A-14C19D96FC80}.Debug|Any CPU.ActiveCfg = Debug|Any CPU
		{3813E924-904A-47E7-9F1A-14C19D96FC80}.Debug|Any CPU.Build.0 = Debug|Any CPU
		{3813E924-904A-47E7-9F1A-14C19D96FC80}.Release|Any CPU.ActiveCfg = Release|Any CPU
		{3813E924-904A-47E7-9F1A-14C19D96FC80}.Release|Any CPU.Build.0 = Release|Any CPU
	EndGlobalSection
	GlobalSection(SolutionProperties) = preSolution
		HideSolutionNode = FALSE
	EndGlobalSection
	GlobalSection(ExtensibilityGlobals) = postSolution
		SolutionGuid = {1E38888E-6BE5-44FE-9BE9-7FE73F92DA19}
	EndGlobalSection
EndGlobal
